// !$*UTF8*$!
{
	archiveVersion = 1;
	classes = {
	};
	objectVersion = 56;
	objects = {

/* Begin PBXBuildFile section */
		EC14436E2B46AFFF00E878E7 /* TokenHandler.swift in Sources */ = {isa = PBXBuildFile; fileRef = EC14436D2B46AFFF00E878E7 /* TokenHandler.swift */; };
		EC1443702B46B16000E878E7 /* LoginEndpoint.swift in Sources */ = {isa = PBXBuildFile; fileRef = EC14436F2B46B16000E878E7 /* LoginEndpoint.swift */; };
		EC1443732B46BAEE00E878E7 /* InjectedWrapper.swift in Sources */ = {isa = PBXBuildFile; fileRef = EC1443722B46BAEE00E878E7 /* InjectedWrapper.swift */; };
		EC1443752B46BB0C00E878E7 /* InjectedValues.swift in Sources */ = {isa = PBXBuildFile; fileRef = EC1443742B46BB0C00E878E7 /* InjectedValues.swift */; };
		EC1443772B46BB2900E878E7 /* Keys+InjectionValues.swift in Sources */ = {isa = PBXBuildFile; fileRef = EC1443762B46BB2900E878E7 /* Keys+InjectionValues.swift */; };
		EC1443862B4C378D00E878E7 /* NetworkLoader.swift in Sources */ = {isa = PBXBuildFile; fileRef = EC1443852B4C378D00E878E7 /* NetworkLoader.swift */; };
		EC1443892B4C382E00E878E7 /* ActivityEndpoint.swift in Sources */ = {isa = PBXBuildFile; fileRef = EC1443882B4C382E00E878E7 /* ActivityEndpoint.swift */; };
		EC20180F2B0B6C5400C69150 /* iFitTrakcerApp.swift in Sources */ = {isa = PBXBuildFile; fileRef = EC20180E2B0B6C5400C69150 /* iFitTrakcerApp.swift */; };
		EC2018112B0B6C5400C69150 /* ContentView.swift in Sources */ = {isa = PBXBuildFile; fileRef = EC2018102B0B6C5400C69150 /* ContentView.swift */; };
		EC2018132B0B6C5500C69150 /* Assets.xcassets in Resources */ = {isa = PBXBuildFile; fileRef = EC2018122B0B6C5500C69150 /* Assets.xcassets */; };
		EC2018162B0B6C5500C69150 /* Preview Assets.xcassets in Resources */ = {isa = PBXBuildFile; fileRef = EC2018152B0B6C5500C69150 /* Preview Assets.xcassets */; };
		EC2018202B0B6C5500C69150 /* iFitTrakcerTests.swift in Sources */ = {isa = PBXBuildFile; fileRef = EC20181F2B0B6C5500C69150 /* iFitTrakcerTests.swift */; };
		EC20183A2B0B6E1800C69150 /* TabDestination.swift in Sources */ = {isa = PBXBuildFile; fileRef = EC2018392B0B6E1800C69150 /* TabDestination.swift */; };
		EC20183D2B0B6E8800C69150 /* Icon.swift in Sources */ = {isa = PBXBuildFile; fileRef = EC20183C2B0B6E8800C69150 /* Icon.swift */; };
		EC2018402B0B712200C69150 /* TabRouter.swift in Sources */ = {isa = PBXBuildFile; fileRef = EC20183F2B0B712200C69150 /* TabRouter.swift */; };
		EC2018462B0B71FE00C69150 /* ActivityNavigationView.swift in Sources */ = {isa = PBXBuildFile; fileRef = EC2018452B0B71FE00C69150 /* ActivityNavigationView.swift */; };
		EC2018482B0B720F00C69150 /* ActivityContentView.swift in Sources */ = {isa = PBXBuildFile; fileRef = EC2018472B0B720F00C69150 /* ActivityContentView.swift */; };
		EC20184D2B0B72EF00C69150 /* ActivityRouter.swift in Sources */ = {isa = PBXBuildFile; fileRef = EC20184C2B0B72EF00C69150 /* ActivityRouter.swift */; };
		EC20184F2B0B731000C69150 /* ActivityDestination.swift in Sources */ = {isa = PBXBuildFile; fileRef = EC20184E2B0B731000C69150 /* ActivityDestination.swift */; };
		EC2018512B0B746D00C69150 /* HealthNavigationView.swift in Sources */ = {isa = PBXBuildFile; fileRef = EC2018502B0B746D00C69150 /* HealthNavigationView.swift */; };
		EC2018532B0B749F00C69150 /* HealthContentView.swift in Sources */ = {isa = PBXBuildFile; fileRef = EC2018522B0B749F00C69150 /* HealthContentView.swift */; };
		EC2018562B0B750C00C69150 /* HealthRouter.swift in Sources */ = {isa = PBXBuildFile; fileRef = EC2018552B0B750C00C69150 /* HealthRouter.swift */; };
		EC2018582B0B752F00C69150 /* HealthDestination.swift in Sources */ = {isa = PBXBuildFile; fileRef = EC2018572B0B752F00C69150 /* HealthDestination.swift */; };
		EC20185C2B0B760900C69150 /* ProfileNavigationView.swift in Sources */ = {isa = PBXBuildFile; fileRef = EC20185B2B0B760900C69150 /* ProfileNavigationView.swift */; };
		EC20185E2B0B764400C69150 /* ProfileContentView.swift in Sources */ = {isa = PBXBuildFile; fileRef = EC20185D2B0B764400C69150 /* ProfileContentView.swift */; };
		EC2018612B0B768F00C69150 /* ProfileRouter.swift in Sources */ = {isa = PBXBuildFile; fileRef = EC2018602B0B768F00C69150 /* ProfileRouter.swift */; };
		EC2018632B0B76BB00C69150 /* ProfileDestination.swift in Sources */ = {isa = PBXBuildFile; fileRef = EC2018622B0B76BB00C69150 /* ProfileDestination.swift */; };
		EC3D88222B13E07C003196DB /* SimpleListCell.swift in Sources */ = {isa = PBXBuildFile; fileRef = EC3D88212B13E07C003196DB /* SimpleListCell.swift */; };
		EC3D88262B148CAE003196DB /* HealthKitManager.swift in Sources */ = {isa = PBXBuildFile; fileRef = EC3D88252B148CAE003196DB /* HealthKitManager.swift */; };
		EC3D882B2B14A1E3003196DB /* HealthViewModel.swift in Sources */ = {isa = PBXBuildFile; fileRef = EC3D882A2B14A1E3003196DB /* HealthViewModel.swift */; };
		EC3D882F2B14C3BB003196DB /* UserMetric.swift in Sources */ = {isa = PBXBuildFile; fileRef = EC3D882E2B14C3BB003196DB /* UserMetric.swift */; };
		EC3D88312B14D99F003196DB /* UserHealthModel.swift in Sources */ = {isa = PBXBuildFile; fileRef = EC3D88302B14D99F003196DB /* UserHealthModel.swift */; };
		EC3D88342B14DC51003196DB /* NumericArray+Average.swift in Sources */ = {isa = PBXBuildFile; fileRef = EC3D88332B14DC51003196DB /* NumericArray+Average.swift */; };
		EC7F32E62B1C71DA005A4F90 /* UserDataModel.swift in Sources */ = {isa = PBXBuildFile; fileRef = EC7F32E52B1C71DA005A4F90 /* UserDataModel.swift */; };
		EC7F32E82B1C7284005A4F90 /* ProfileViewModel.swift in Sources */ = {isa = PBXBuildFile; fileRef = EC7F32E72B1C7284005A4F90 /* ProfileViewModel.swift */; };
		EC7F32EB2B281AB4005A4F90 /* LoginView.swift in Sources */ = {isa = PBXBuildFile; fileRef = EC7F32EA2B281AB4005A4F90 /* LoginView.swift */; };
		EC7F32ED2B28DD5C005A4F90 /* RegisterScreenView.swift in Sources */ = {isa = PBXBuildFile; fileRef = EC7F32EC2B28DD5C005A4F90 /* RegisterScreenView.swift */; };
		EC7F32EF2B28DEEB005A4F90 /* GenericActionButton.swift in Sources */ = {isa = PBXBuildFile; fileRef = EC7F32EE2B28DEEB005A4F90 /* GenericActionButton.swift */; };
		EC7F32F12B28E003005A4F90 /* GenericTextField.swift in Sources */ = {isa = PBXBuildFile; fileRef = EC7F32F02B28E003005A4F90 /* GenericTextField.swift */; };
		EC7F32F32B28E06D005A4F90 /* GenericSecureField.swift in Sources */ = {isa = PBXBuildFile; fileRef = EC7F32F22B28E06D005A4F90 /* GenericSecureField.swift */; };
		EC7F32F62B28EDC0005A4F90 /* RegisterViewModel.swift in Sources */ = {isa = PBXBuildFile; fileRef = EC7F32F52B28EDC0005A4F90 /* RegisterViewModel.swift */; };
		ECA15D1F2B2C9B5E00BEB489 /* Endpoint.swift in Sources */ = {isa = PBXBuildFile; fileRef = ECA15D1E2B2C9B5E00BEB489 /* Endpoint.swift */; };
		ECA15D212B2C9DFD00BEB489 /* RESTClient.swift in Sources */ = {isa = PBXBuildFile; fileRef = ECA15D202B2C9DFD00BEB489 /* RESTClient.swift */; };
		ECA8C20A2B4C737B007D8189 /* HealthEndpoint.swift in Sources */ = {isa = PBXBuildFile; fileRef = ECA8C2092B4C737B007D8189 /* HealthEndpoint.swift */; };
		ECA8C20C2B4D51B0007D8189 /* RecommendationEndpoint.swift in Sources */ = {isa = PBXBuildFile; fileRef = ECA8C20B2B4D51B0007D8189 /* RecommendationEndpoint.swift */; };
		ECA8C20F2B4D8662007D8189 /* RegistrationEnpoint.swift in Sources */ = {isa = PBXBuildFile; fileRef = ECA8C20E2B4D8662007D8189 /* RegistrationEnpoint.swift */; };
		ECA8C2112B4D86D8007D8189 /* UserTokenResponse.swift in Sources */ = {isa = PBXBuildFile; fileRef = ECA8C2102B4D86D8007D8189 /* UserTokenResponse.swift */; };
		ECC4AFE92B1A0F1C0022C6AB /* UserActivityModel.swift in Sources */ = {isa = PBXBuildFile; fileRef = ECC4AFE82B1A0F1C0022C6AB /* UserActivityModel.swift */; };
		ECC4AFEB2B1A108C0022C6AB /* ActivityViewModel.swift in Sources */ = {isa = PBXBuildFile; fileRef = ECC4AFEA2B1A108C0022C6AB /* ActivityViewModel.swift */; };
		ECF3BB042B45936F00DD9C53 /* UserAuthenticator.swift in Sources */ = {isa = PBXBuildFile; fileRef = ECF3BB032B45936F00DD9C53 /* UserAuthenticator.swift */; };
		ECF3BB072B459C1300DD9C53 /* LoginViewModel.swift in Sources */ = {isa = PBXBuildFile; fileRef = ECF3BB062B459C1300DD9C53 /* LoginViewModel.swift */; };
		ECF3BB0C2B45A72900DD9C53 /* SwiftKeychainWrapper in Frameworks */ = {isa = PBXBuildFile; productRef = ECF3BB0B2B45A72900DD9C53 /* SwiftKeychainWrapper */; };
/* End PBXBuildFile section */

/* Begin PBXContainerItemProxy section */
		EC20181C2B0B6C5500C69150 /* PBXContainerItemProxy */ = {
			isa = PBXContainerItemProxy;
			containerPortal = EC2018032B0B6C5400C69150 /* Project object */;
			proxyType = 1;
			remoteGlobalIDString = EC20180A2B0B6C5400C69150;
			remoteInfo = iFitTrakcer;
		};
/* End PBXContainerItemProxy section */

/* Begin PBXFileReference section */
		EC14436D2B46AFFF00E878E7 /* TokenHandler.swift */ = {isa = PBXFileReference; lastKnownFileType = sourcecode.swift; path = TokenHandler.swift; sourceTree = "<group>"; };
		EC14436F2B46B16000E878E7 /* LoginEndpoint.swift */ = {isa = PBXFileReference; lastKnownFileType = sourcecode.swift; path = LoginEndpoint.swift; sourceTree = "<group>"; };
		EC1443722B46BAEE00E878E7 /* InjectedWrapper.swift */ = {isa = PBXFileReference; lastKnownFileType = sourcecode.swift; path = InjectedWrapper.swift; sourceTree = "<group>"; };
		EC1443742B46BB0C00E878E7 /* InjectedValues.swift */ = {isa = PBXFileReference; lastKnownFileType = sourcecode.swift; path = InjectedValues.swift; sourceTree = "<group>"; };
		EC1443762B46BB2900E878E7 /* Keys+InjectionValues.swift */ = {isa = PBXFileReference; lastKnownFileType = sourcecode.swift; path = "Keys+InjectionValues.swift"; sourceTree = "<group>"; };
		EC1443782B482AE500E878E7 /* Info.plist */ = {isa = PBXFileReference; lastKnownFileType = text.plist; path = Info.plist; sourceTree = "<group>"; };
		EC1443852B4C378D00E878E7 /* NetworkLoader.swift */ = {isa = PBXFileReference; lastKnownFileType = sourcecode.swift; path = NetworkLoader.swift; sourceTree = "<group>"; };
		EC1443882B4C382E00E878E7 /* ActivityEndpoint.swift */ = {isa = PBXFileReference; lastKnownFileType = sourcecode.swift; path = ActivityEndpoint.swift; sourceTree = "<group>"; };
		EC20180B2B0B6C5400C69150 /* iFitTrakcer.app */ = {isa = PBXFileReference; explicitFileType = wrapper.application; includeInIndex = 0; path = iFitTrakcer.app; sourceTree = BUILT_PRODUCTS_DIR; };
		EC20180E2B0B6C5400C69150 /* iFitTrakcerApp.swift */ = {isa = PBXFileReference; lastKnownFileType = sourcecode.swift; path = iFitTrakcerApp.swift; sourceTree = "<group>"; };
		EC2018102B0B6C5400C69150 /* ContentView.swift */ = {isa = PBXFileReference; lastKnownFileType = sourcecode.swift; path = ContentView.swift; sourceTree = "<group>"; };
		EC2018122B0B6C5500C69150 /* Assets.xcassets */ = {isa = PBXFileReference; lastKnownFileType = folder.assetcatalog; path = Assets.xcassets; sourceTree = "<group>"; };
		EC2018152B0B6C5500C69150 /* Preview Assets.xcassets */ = {isa = PBXFileReference; lastKnownFileType = folder.assetcatalog; path = "Preview Assets.xcassets"; sourceTree = "<group>"; };
		EC20181B2B0B6C5500C69150 /* iFitTrakcerTests.xctest */ = {isa = PBXFileReference; explicitFileType = wrapper.cfbundle; includeInIndex = 0; path = iFitTrakcerTests.xctest; sourceTree = BUILT_PRODUCTS_DIR; };
		EC20181F2B0B6C5500C69150 /* iFitTrakcerTests.swift */ = {isa = PBXFileReference; lastKnownFileType = sourcecode.swift; path = iFitTrakcerTests.swift; sourceTree = "<group>"; };
		EC2018392B0B6E1800C69150 /* TabDestination.swift */ = {isa = PBXFileReference; lastKnownFileType = sourcecode.swift; path = TabDestination.swift; sourceTree = "<group>"; };
		EC20183C2B0B6E8800C69150 /* Icon.swift */ = {isa = PBXFileReference; lastKnownFileType = sourcecode.swift; path = Icon.swift; sourceTree = "<group>"; };
		EC20183F2B0B712200C69150 /* TabRouter.swift */ = {isa = PBXFileReference; lastKnownFileType = sourcecode.swift; path = TabRouter.swift; sourceTree = "<group>"; };
		EC2018452B0B71FE00C69150 /* ActivityNavigationView.swift */ = {isa = PBXFileReference; lastKnownFileType = sourcecode.swift; path = ActivityNavigationView.swift; sourceTree = "<group>"; };
		EC2018472B0B720F00C69150 /* ActivityContentView.swift */ = {isa = PBXFileReference; lastKnownFileType = sourcecode.swift; path = ActivityContentView.swift; sourceTree = "<group>"; };
		EC20184C2B0B72EF00C69150 /* ActivityRouter.swift */ = {isa = PBXFileReference; lastKnownFileType = sourcecode.swift; path = ActivityRouter.swift; sourceTree = "<group>"; };
		EC20184E2B0B731000C69150 /* ActivityDestination.swift */ = {isa = PBXFileReference; lastKnownFileType = sourcecode.swift; path = ActivityDestination.swift; sourceTree = "<group>"; };
		EC2018502B0B746D00C69150 /* HealthNavigationView.swift */ = {isa = PBXFileReference; lastKnownFileType = sourcecode.swift; path = HealthNavigationView.swift; sourceTree = "<group>"; };
		EC2018522B0B749F00C69150 /* HealthContentView.swift */ = {isa = PBXFileReference; lastKnownFileType = sourcecode.swift; path = HealthContentView.swift; sourceTree = "<group>"; };
		EC2018552B0B750C00C69150 /* HealthRouter.swift */ = {isa = PBXFileReference; lastKnownFileType = sourcecode.swift; path = HealthRouter.swift; sourceTree = "<group>"; };
		EC2018572B0B752F00C69150 /* HealthDestination.swift */ = {isa = PBXFileReference; lastKnownFileType = sourcecode.swift; path = HealthDestination.swift; sourceTree = "<group>"; };
		EC20185B2B0B760900C69150 /* ProfileNavigationView.swift */ = {isa = PBXFileReference; lastKnownFileType = sourcecode.swift; path = ProfileNavigationView.swift; sourceTree = "<group>"; };
		EC20185D2B0B764400C69150 /* ProfileContentView.swift */ = {isa = PBXFileReference; lastKnownFileType = sourcecode.swift; path = ProfileContentView.swift; sourceTree = "<group>"; };
		EC2018602B0B768F00C69150 /* ProfileRouter.swift */ = {isa = PBXFileReference; lastKnownFileType = sourcecode.swift; path = ProfileRouter.swift; sourceTree = "<group>"; };
		EC2018622B0B76BB00C69150 /* ProfileDestination.swift */ = {isa = PBXFileReference; lastKnownFileType = sourcecode.swift; path = ProfileDestination.swift; sourceTree = "<group>"; };
		EC3D88212B13E07C003196DB /* SimpleListCell.swift */ = {isa = PBXFileReference; lastKnownFileType = sourcecode.swift; path = SimpleListCell.swift; sourceTree = "<group>"; };
		EC3D88252B148CAE003196DB /* HealthKitManager.swift */ = {isa = PBXFileReference; lastKnownFileType = sourcecode.swift; path = HealthKitManager.swift; sourceTree = "<group>"; };
		EC3D88272B148DFF003196DB /* iFitTrakcer.entitlements */ = {isa = PBXFileReference; lastKnownFileType = text.plist.entitlements; path = iFitTrakcer.entitlements; sourceTree = "<group>"; };
		EC3D882A2B14A1E3003196DB /* HealthViewModel.swift */ = {isa = PBXFileReference; lastKnownFileType = sourcecode.swift; path = HealthViewModel.swift; sourceTree = "<group>"; };
		EC3D882E2B14C3BB003196DB /* UserMetric.swift */ = {isa = PBXFileReference; lastKnownFileType = sourcecode.swift; path = UserMetric.swift; sourceTree = "<group>"; };
		EC3D88302B14D99F003196DB /* UserHealthModel.swift */ = {isa = PBXFileReference; lastKnownFileType = sourcecode.swift; path = UserHealthModel.swift; sourceTree = "<group>"; };
		EC3D88332B14DC51003196DB /* NumericArray+Average.swift */ = {isa = PBXFileReference; lastKnownFileType = sourcecode.swift; path = "NumericArray+Average.swift"; sourceTree = "<group>"; };
		EC7F32E52B1C71DA005A4F90 /* UserDataModel.swift */ = {isa = PBXFileReference; lastKnownFileType = sourcecode.swift; path = UserDataModel.swift; sourceTree = "<group>"; };
		EC7F32E72B1C7284005A4F90 /* ProfileViewModel.swift */ = {isa = PBXFileReference; lastKnownFileType = sourcecode.swift; path = ProfileViewModel.swift; sourceTree = "<group>"; };
		EC7F32EA2B281AB4005A4F90 /* LoginView.swift */ = {isa = PBXFileReference; lastKnownFileType = sourcecode.swift; path = LoginView.swift; sourceTree = "<group>"; };
		EC7F32EC2B28DD5C005A4F90 /* RegisterScreenView.swift */ = {isa = PBXFileReference; lastKnownFileType = sourcecode.swift; path = RegisterScreenView.swift; sourceTree = "<group>"; };
		EC7F32EE2B28DEEB005A4F90 /* GenericActionButton.swift */ = {isa = PBXFileReference; lastKnownFileType = sourcecode.swift; path = GenericActionButton.swift; sourceTree = "<group>"; };
		EC7F32F02B28E003005A4F90 /* GenericTextField.swift */ = {isa = PBXFileReference; lastKnownFileType = sourcecode.swift; path = GenericTextField.swift; sourceTree = "<group>"; };
		EC7F32F22B28E06D005A4F90 /* GenericSecureField.swift */ = {isa = PBXFileReference; lastKnownFileType = sourcecode.swift; path = GenericSecureField.swift; sourceTree = "<group>"; };
		EC7F32F52B28EDC0005A4F90 /* RegisterViewModel.swift */ = {isa = PBXFileReference; lastKnownFileType = sourcecode.swift; path = RegisterViewModel.swift; sourceTree = "<group>"; };
		ECA15D1E2B2C9B5E00BEB489 /* Endpoint.swift */ = {isa = PBXFileReference; lastKnownFileType = sourcecode.swift; path = Endpoint.swift; sourceTree = "<group>"; };
		ECA15D202B2C9DFD00BEB489 /* RESTClient.swift */ = {isa = PBXFileReference; lastKnownFileType = sourcecode.swift; path = RESTClient.swift; sourceTree = "<group>"; };
		ECA8C2092B4C737B007D8189 /* HealthEndpoint.swift */ = {isa = PBXFileReference; lastKnownFileType = sourcecode.swift; path = HealthEndpoint.swift; sourceTree = "<group>"; };
		ECA8C20B2B4D51B0007D8189 /* RecommendationEndpoint.swift */ = {isa = PBXFileReference; lastKnownFileType = sourcecode.swift; path = RecommendationEndpoint.swift; sourceTree = "<group>"; };
		ECA8C20E2B4D8662007D8189 /* RegistrationEnpoint.swift */ = {isa = PBXFileReference; lastKnownFileType = sourcecode.swift; path = RegistrationEnpoint.swift; sourceTree = "<group>"; };
		ECA8C2102B4D86D8007D8189 /* UserTokenResponse.swift */ = {isa = PBXFileReference; lastKnownFileType = sourcecode.swift; path = UserTokenResponse.swift; sourceTree = "<group>"; };
		ECC4AFE82B1A0F1C0022C6AB /* UserActivityModel.swift */ = {isa = PBXFileReference; lastKnownFileType = sourcecode.swift; path = UserActivityModel.swift; sourceTree = "<group>"; };
		ECC4AFEA2B1A108C0022C6AB /* ActivityViewModel.swift */ = {isa = PBXFileReference; lastKnownFileType = sourcecode.swift; path = ActivityViewModel.swift; sourceTree = "<group>"; };
		ECF3BB032B45936F00DD9C53 /* UserAuthenticator.swift */ = {isa = PBXFileReference; lastKnownFileType = sourcecode.swift; path = UserAuthenticator.swift; sourceTree = "<group>"; };
		ECF3BB062B459C1300DD9C53 /* LoginViewModel.swift */ = {isa = PBXFileReference; lastKnownFileType = sourcecode.swift; path = LoginViewModel.swift; sourceTree = "<group>"; };
/* End PBXFileReference section */

/* Begin PBXFrameworksBuildPhase section */
		EC2018082B0B6C5400C69150 /* Frameworks */ = {
			isa = PBXFrameworksBuildPhase;
			buildActionMask = 2147483647;
			files = (
				ECF3BB0C2B45A72900DD9C53 /* SwiftKeychainWrapper in Frameworks */,
			);
			runOnlyForDeploymentPostprocessing = 0;
		};
		EC2018182B0B6C5500C69150 /* Frameworks */ = {
			isa = PBXFrameworksBuildPhase;
			buildActionMask = 2147483647;
			files = (
			);
			runOnlyForDeploymentPostprocessing = 0;
		};
/* End PBXFrameworksBuildPhase section */

/* Begin PBXGroup section */
		EC14436C2B46AFE900E878E7 /* Authentication */ = {
			isa = PBXGroup;
			children = (
				ECA8C20D2B4D864D007D8189 /* Endpoints */,
				EC14436D2B46AFFF00E878E7 /* TokenHandler.swift */,
				ECF3BB032B45936F00DD9C53 /* UserAuthenticator.swift */,
			);
			path = Authentication;
			sourceTree = "<group>";
		};
		EC1443712B46BAD200E878E7 /* DependencyInjection */ = {
			isa = PBXGroup;
			children = (
				EC1443722B46BAEE00E878E7 /* InjectedWrapper.swift */,
				EC1443742B46BB0C00E878E7 /* InjectedValues.swift */,
				EC1443762B46BB2900E878E7 /* Keys+InjectionValues.swift */,
			);
			path = DependencyInjection;
			sourceTree = "<group>";
		};
		EC1443872B4C379700E878E7 /* DataLoading */ = {
			isa = PBXGroup;
			children = (
				EC14438A2B4C383D00E878E7 /* Endpoints */,
				EC1443852B4C378D00E878E7 /* NetworkLoader.swift */,
			);
			path = DataLoading;
			sourceTree = "<group>";
		};
		EC14438A2B4C383D00E878E7 /* Endpoints */ = {
			isa = PBXGroup;
			children = (
				EC1443882B4C382E00E878E7 /* ActivityEndpoint.swift */,
				ECA8C2092B4C737B007D8189 /* HealthEndpoint.swift */,
				ECA8C20B2B4D51B0007D8189 /* RecommendationEndpoint.swift */,
			);
			path = Endpoints;
			sourceTree = "<group>";
		};
		EC2018022B0B6C5400C69150 = {
			isa = PBXGroup;
			children = (
				EC20180D2B0B6C5400C69150 /* iFitTrakcer */,
				EC20181E2B0B6C5500C69150 /* iFitTrakcerTests */,
				EC20180C2B0B6C5400C69150 /* Products */,
			);
			sourceTree = "<group>";
		};
		EC20180C2B0B6C5400C69150 /* Products */ = {
			isa = PBXGroup;
			children = (
				EC20180B2B0B6C5400C69150 /* iFitTrakcer.app */,
				EC20181B2B0B6C5500C69150 /* iFitTrakcerTests.xctest */,
			);
			name = Products;
			sourceTree = "<group>";
		};
		EC20180D2B0B6C5400C69150 /* iFitTrakcer */ = {
			isa = PBXGroup;
			children = (
				EC1443782B482AE500E878E7 /* Info.plist */,
				EC1443712B46BAD200E878E7 /* DependencyInjection */,
				EC3D88272B148DFF003196DB /* iFitTrakcer.entitlements */,
				EC20183B2B0B6E5A00C69150 /* Helpers */,
				EC2018382B0B6E0100C69150 /* Navigation */,
				EC2018412B0B718500C69150 /* Screens */,
				EC3D88232B148C88003196DB /* Services */,
				EC2018102B0B6C5400C69150 /* ContentView.swift */,
				EC20180E2B0B6C5400C69150 /* iFitTrakcerApp.swift */,
				EC2018122B0B6C5500C69150 /* Assets.xcassets */,
				EC2018142B0B6C5500C69150 /* Preview Content */,
			);
			path = iFitTrakcer;
			sourceTree = "<group>";
		};
		EC2018142B0B6C5500C69150 /* Preview Content */ = {
			isa = PBXGroup;
			children = (
				EC2018152B0B6C5500C69150 /* Preview Assets.xcassets */,
			);
			path = "Preview Content";
			sourceTree = "<group>";
		};
		EC20181E2B0B6C5500C69150 /* iFitTrakcerTests */ = {
			isa = PBXGroup;
			children = (
				EC20181F2B0B6C5500C69150 /* iFitTrakcerTests.swift */,
			);
			path = iFitTrakcerTests;
			sourceTree = "<group>";
		};
		EC2018382B0B6E0100C69150 /* Navigation */ = {
			isa = PBXGroup;
			children = (
				EC2018492B0B723300C69150 /* Routing */,
				EC20184A2B0B723E00C69150 /* TabBar */,
			);
			path = Navigation;
			sourceTree = "<group>";
		};
		EC20183B2B0B6E5A00C69150 /* Helpers */ = {
			isa = PBXGroup;
			children = (
				EC3D88322B14DC0D003196DB /* Extensions */,
				EC3D88202B13E04D003196DB /* UIComponents */,
				EC20183C2B0B6E8800C69150 /* Icon.swift */,
				EC3D882E2B14C3BB003196DB /* UserMetric.swift */,
			);
			path = Helpers;
			sourceTree = "<group>";
		};
		EC2018412B0B718500C69150 /* Screens */ = {
			isa = PBXGroup;
			children = (
				EC7F32E92B281A9D005A4F90 /* Auth */,
				EC2018432B0B71B500C69150 /* ActivityScreen */,
				EC2018422B0B71AA00C69150 /* HealthScreen */,
				EC2018442B0B71C000C69150 /* ProfileScreen */,
			);
			path = Screens;
			sourceTree = "<group>";
		};
		EC2018422B0B71AA00C69150 /* HealthScreen */ = {
			isa = PBXGroup;
			children = (
				EC2018522B0B749F00C69150 /* HealthContentView.swift */,
				EC2018502B0B746D00C69150 /* HealthNavigationView.swift */,
				EC3D882A2B14A1E3003196DB /* HealthViewModel.swift */,
				EC3D88302B14D99F003196DB /* UserHealthModel.swift */,
			);
			path = HealthScreen;
			sourceTree = "<group>";
		};
		EC2018432B0B71B500C69150 /* ActivityScreen */ = {
			isa = PBXGroup;
			children = (
				EC2018472B0B720F00C69150 /* ActivityContentView.swift */,
				EC2018452B0B71FE00C69150 /* ActivityNavigationView.swift */,
				ECC4AFEA2B1A108C0022C6AB /* ActivityViewModel.swift */,
				ECC4AFE82B1A0F1C0022C6AB /* UserActivityModel.swift */,
			);
			path = ActivityScreen;
			sourceTree = "<group>";
		};
		EC2018442B0B71C000C69150 /* ProfileScreen */ = {
			isa = PBXGroup;
			children = (
				EC20185D2B0B764400C69150 /* ProfileContentView.swift */,
				EC20185B2B0B760900C69150 /* ProfileNavigationView.swift */,
				EC7F32E72B1C7284005A4F90 /* ProfileViewModel.swift */,
				EC7F32E52B1C71DA005A4F90 /* UserDataModel.swift */,
			);
			path = ProfileScreen;
			sourceTree = "<group>";
		};
		EC2018492B0B723300C69150 /* Routing */ = {
			isa = PBXGroup;
			children = (
				EC20184B2B0B724F00C69150 /* Activity */,
				EC2018542B0B74F100C69150 /* Health */,
				EC20185F2B0B767400C69150 /* Profile */,
			);
			path = Routing;
			sourceTree = "<group>";
		};
		EC20184A2B0B723E00C69150 /* TabBar */ = {
			isa = PBXGroup;
			children = (
				EC2018392B0B6E1800C69150 /* TabDestination.swift */,
				EC20183F2B0B712200C69150 /* TabRouter.swift */,
			);
			path = TabBar;
			sourceTree = "<group>";
		};
		EC20184B2B0B724F00C69150 /* Activity */ = {
			isa = PBXGroup;
			children = (
				EC20184E2B0B731000C69150 /* ActivityDestination.swift */,
				EC20184C2B0B72EF00C69150 /* ActivityRouter.swift */,
			);
			path = Activity;
			sourceTree = "<group>";
		};
		EC2018542B0B74F100C69150 /* Health */ = {
			isa = PBXGroup;
			children = (
				EC2018572B0B752F00C69150 /* HealthDestination.swift */,
				EC2018552B0B750C00C69150 /* HealthRouter.swift */,
			);
			path = Health;
			sourceTree = "<group>";
		};
		EC20185F2B0B767400C69150 /* Profile */ = {
			isa = PBXGroup;
			children = (
				EC2018622B0B76BB00C69150 /* ProfileDestination.swift */,
				EC2018602B0B768F00C69150 /* ProfileRouter.swift */,
			);
			path = Profile;
			sourceTree = "<group>";
		};
		EC3D88202B13E04D003196DB /* UIComponents */ = {
			isa = PBXGroup;
			children = (
				EC3D88212B13E07C003196DB /* SimpleListCell.swift */,
				EC7F32EE2B28DEEB005A4F90 /* GenericActionButton.swift */,
				EC7F32F02B28E003005A4F90 /* GenericTextField.swift */,
				EC7F32F22B28E06D005A4F90 /* GenericSecureField.swift */,
			);
			path = UIComponents;
			sourceTree = "<group>";
		};
		EC3D88232B148C88003196DB /* Services */ = {
			isa = PBXGroup;
			children = (
				EC1443872B4C379700E878E7 /* DataLoading */,
				EC14436C2B46AFE900E878E7 /* Authentication */,
				ECA15D1D2B2C9B3400BEB489 /* RESTClient */,
				EC3D88242B148C9C003196DB /* HealthKit */,
			);
			path = Services;
			sourceTree = "<group>";
		};
		EC3D88242B148C9C003196DB /* HealthKit */ = {
			isa = PBXGroup;
			children = (
				EC3D88252B148CAE003196DB /* HealthKitManager.swift */,
			);
			path = HealthKit;
			sourceTree = "<group>";
		};
		EC3D88322B14DC0D003196DB /* Extensions */ = {
			isa = PBXGroup;
			children = (
				EC3D88332B14DC51003196DB /* NumericArray+Average.swift */,
			);
			path = Extensions;
			sourceTree = "<group>";
		};
		EC7F32E92B281A9D005A4F90 /* Auth */ = {
			isa = PBXGroup;
			children = (
				ECF3BB052B459C0500DD9C53 /* Login */,
				EC7F32F42B28EDA9005A4F90 /* Register */,
			);
			path = Auth;
			sourceTree = "<group>";
		};
		EC7F32F42B28EDA9005A4F90 /* Register */ = {
			isa = PBXGroup;
			children = (
				EC7F32EC2B28DD5C005A4F90 /* RegisterScreenView.swift */,
				EC7F32F52B28EDC0005A4F90 /* RegisterViewModel.swift */,
			);
			path = Register;
			sourceTree = "<group>";
		};
		ECA15D1D2B2C9B3400BEB489 /* RESTClient */ = {
			isa = PBXGroup;
			children = (
				ECA15D1E2B2C9B5E00BEB489 /* Endpoint.swift */,
				ECA15D202B2C9DFD00BEB489 /* RESTClient.swift */,
			);
			path = RESTClient;
			sourceTree = "<group>";
		};
		ECA8C20D2B4D864D007D8189 /* Endpoints */ = {
			isa = PBXGroup;
			children = (
				EC14436F2B46B16000E878E7 /* LoginEndpoint.swift */,
				ECA8C20E2B4D8662007D8189 /* RegistrationEnpoint.swift */,
				ECA8C2102B4D86D8007D8189 /* UserTokenResponse.swift */,
			);
			path = Endpoints;
			sourceTree = "<group>";
		};
		ECF3BB052B459C0500DD9C53 /* Login */ = {
			isa = PBXGroup;
			children = (
				EC7F32EA2B281AB4005A4F90 /* LoginView.swift */,
				ECF3BB062B459C1300DD9C53 /* LoginViewModel.swift */,
			);
			path = Login;
			sourceTree = "<group>";
		};
/* End PBXGroup section */

/* Begin PBXNativeTarget section */
		EC20180A2B0B6C5400C69150 /* iFitTrakcer */ = {
			isa = PBXNativeTarget;
			buildConfigurationList = EC20182F2B0B6C5500C69150 /* Build configuration list for PBXNativeTarget "iFitTrakcer" */;
			buildPhases = (
				EC2018072B0B6C5400C69150 /* Sources */,
				EC2018082B0B6C5400C69150 /* Frameworks */,
				EC2018092B0B6C5400C69150 /* Resources */,
				EC20183E2B0B70D500C69150 /* Swift Lint */,
			);
			buildRules = (
			);
			dependencies = (
			);
			name = iFitTrakcer;
			packageProductDependencies = (
				ECF3BB0B2B45A72900DD9C53 /* SwiftKeychainWrapper */,
			);
			productName = iFitTrakcer;
			productReference = EC20180B2B0B6C5400C69150 /* iFitTrakcer.app */;
			productType = "com.apple.product-type.application";
		};
		EC20181A2B0B6C5500C69150 /* iFitTrakcerTests */ = {
			isa = PBXNativeTarget;
			buildConfigurationList = EC2018322B0B6C5500C69150 /* Build configuration list for PBXNativeTarget "iFitTrakcerTests" */;
			buildPhases = (
				EC2018172B0B6C5500C69150 /* Sources */,
				EC2018182B0B6C5500C69150 /* Frameworks */,
				EC2018192B0B6C5500C69150 /* Resources */,
			);
			buildRules = (
			);
			dependencies = (
				EC20181D2B0B6C5500C69150 /* PBXTargetDependency */,
			);
			name = iFitTrakcerTests;
			productName = iFitTrakcerTests;
			productReference = EC20181B2B0B6C5500C69150 /* iFitTrakcerTests.xctest */;
			productType = "com.apple.product-type.bundle.unit-test";
		};
/* End PBXNativeTarget section */

/* Begin PBXProject section */
		EC2018032B0B6C5400C69150 /* Project object */ = {
			isa = PBXProject;
			attributes = {
				BuildIndependentTargetsInParallel = 1;
				LastSwiftUpdateCheck = 1500;
				LastUpgradeCheck = 1500;
				TargetAttributes = {
					EC20180A2B0B6C5400C69150 = {
						CreatedOnToolsVersion = 15.0.1;
					};
					EC20181A2B0B6C5500C69150 = {
						CreatedOnToolsVersion = 15.0.1;
						TestTargetID = EC20180A2B0B6C5400C69150;
					};
				};
			};
			buildConfigurationList = EC2018062B0B6C5400C69150 /* Build configuration list for PBXProject "iFitTrakcer" */;
			compatibilityVersion = "Xcode 14.0";
			developmentRegion = en;
			hasScannedForEncodings = 0;
			knownRegions = (
				en,
				Base,
			);
			mainGroup = EC2018022B0B6C5400C69150;
			packageReferences = (
				ECF3BB0A2B45A72900DD9C53 /* XCRemoteSwiftPackageReference "SwiftKeychainWrapper" */,
			);
			productRefGroup = EC20180C2B0B6C5400C69150 /* Products */;
			projectDirPath = "";
			projectRoot = "";
			targets = (
				EC20180A2B0B6C5400C69150 /* iFitTrakcer */,
				EC20181A2B0B6C5500C69150 /* iFitTrakcerTests */,
			);
		};
/* End PBXProject section */

/* Begin PBXResourcesBuildPhase section */
		EC2018092B0B6C5400C69150 /* Resources */ = {
			isa = PBXResourcesBuildPhase;
			buildActionMask = 2147483647;
			files = (
				EC2018162B0B6C5500C69150 /* Preview Assets.xcassets in Resources */,
				EC2018132B0B6C5500C69150 /* Assets.xcassets in Resources */,
			);
			runOnlyForDeploymentPostprocessing = 0;
		};
		EC2018192B0B6C5500C69150 /* Resources */ = {
			isa = PBXResourcesBuildPhase;
			buildActionMask = 2147483647;
			files = (
			);
			runOnlyForDeploymentPostprocessing = 0;
		};
/* End PBXResourcesBuildPhase section */

/* Begin PBXShellScriptBuildPhase section */
		EC20183E2B0B70D500C69150 /* Swift Lint */ = {
			isa = PBXShellScriptBuildPhase;
			alwaysOutOfDate = 1;
			buildActionMask = 2147483647;
			files = (
			);
			inputFileListPaths = (
			);
			inputPaths = (
			);
			name = "Swift Lint";
			outputFileListPaths = (
			);
			outputPaths = (
			);
			runOnlyForDeploymentPostprocessing = 0;
			shellPath = /bin/sh;
			shellScript = "if which swiftlint >/dev/null; then\n  swiftlint\nelse\n  echo \"warning: SwiftLint not installed, download from https://github.com/realm/SwiftLint\"\nfi\n";
		};
/* End PBXShellScriptBuildPhase section */

/* Begin PBXSourcesBuildPhase section */
		EC2018072B0B6C5400C69150 /* Sources */ = {
			isa = PBXSourcesBuildPhase;
			buildActionMask = 2147483647;
			files = (
				EC7F32F12B28E003005A4F90 /* GenericTextField.swift in Sources */,
				ECA8C2112B4D86D8007D8189 /* UserTokenResponse.swift in Sources */,
				EC2018612B0B768F00C69150 /* ProfileRouter.swift in Sources */,
				EC7F32EF2B28DEEB005A4F90 /* GenericActionButton.swift in Sources */,
				ECF3BB042B45936F00DD9C53 /* UserAuthenticator.swift in Sources */,
				EC2018112B0B6C5400C69150 /* ContentView.swift in Sources */,
				EC7F32F62B28EDC0005A4F90 /* RegisterViewModel.swift in Sources */,
				EC20180F2B0B6C5400C69150 /* iFitTrakcerApp.swift in Sources */,
				EC7F32E82B1C7284005A4F90 /* ProfileViewModel.swift in Sources */,
				EC2018582B0B752F00C69150 /* HealthDestination.swift in Sources */,
				EC20184F2B0B731000C69150 /* ActivityDestination.swift in Sources */,
				EC3D88312B14D99F003196DB /* UserHealthModel.swift in Sources */,
				EC1443772B46BB2900E878E7 /* Keys+InjectionValues.swift in Sources */,
				ECA8C20A2B4C737B007D8189 /* HealthEndpoint.swift in Sources */,
				EC7F32F32B28E06D005A4F90 /* GenericSecureField.swift in Sources */,
				EC2018402B0B712200C69150 /* TabRouter.swift in Sources */,
				EC3D882F2B14C3BB003196DB /* UserMetric.swift in Sources */,
				EC2018562B0B750C00C69150 /* HealthRouter.swift in Sources */,
				ECA8C20C2B4D51B0007D8189 /* RecommendationEndpoint.swift in Sources */,
				EC1443732B46BAEE00E878E7 /* InjectedWrapper.swift in Sources */,
				EC1443752B46BB0C00E878E7 /* InjectedValues.swift in Sources */,
				EC3D88262B148CAE003196DB /* HealthKitManager.swift in Sources */,
				EC1443862B4C378D00E878E7 /* NetworkLoader.swift in Sources */,
				ECC4AFEB2B1A108C0022C6AB /* ActivityViewModel.swift in Sources */,
				EC14436E2B46AFFF00E878E7 /* TokenHandler.swift in Sources */,
				EC2018512B0B746D00C69150 /* HealthNavigationView.swift in Sources */,
				EC20183D2B0B6E8800C69150 /* Icon.swift in Sources */,
				EC20185C2B0B760900C69150 /* ProfileNavigationView.swift in Sources */,
				EC3D88342B14DC51003196DB /* NumericArray+Average.swift in Sources */,
				EC7F32EB2B281AB4005A4F90 /* LoginView.swift in Sources */,
				EC1443892B4C382E00E878E7 /* ActivityEndpoint.swift in Sources */,
				EC2018482B0B720F00C69150 /* ActivityContentView.swift in Sources */,
				EC7F32ED2B28DD5C005A4F90 /* RegisterScreenView.swift in Sources */,
				ECA15D212B2C9DFD00BEB489 /* RESTClient.swift in Sources */,
				ECC4AFE92B1A0F1C0022C6AB /* UserActivityModel.swift in Sources */,
				EC20184D2B0B72EF00C69150 /* ActivityRouter.swift in Sources */,
				EC1443702B46B16000E878E7 /* LoginEndpoint.swift in Sources */,
				EC2018532B0B749F00C69150 /* HealthContentView.swift in Sources */,
				EC3D88222B13E07C003196DB /* SimpleListCell.swift in Sources */,
				ECF3BB072B459C1300DD9C53 /* LoginViewModel.swift in Sources */,
				EC2018632B0B76BB00C69150 /* ProfileDestination.swift in Sources */,
				ECA8C20F2B4D8662007D8189 /* RegistrationEnpoint.swift in Sources */,
				EC20185E2B0B764400C69150 /* ProfileContentView.swift in Sources */,
				EC20183A2B0B6E1800C69150 /* TabDestination.swift in Sources */,
				EC3D882B2B14A1E3003196DB /* HealthViewModel.swift in Sources */,
				EC7F32E62B1C71DA005A4F90 /* UserDataModel.swift in Sources */,
				ECA15D1F2B2C9B5E00BEB489 /* Endpoint.swift in Sources */,
				EC2018462B0B71FE00C69150 /* ActivityNavigationView.swift in Sources */,
			);
			runOnlyForDeploymentPostprocessing = 0;
		};
		EC2018172B0B6C5500C69150 /* Sources */ = {
			isa = PBXSourcesBuildPhase;
			buildActionMask = 2147483647;
			files = (
				EC2018202B0B6C5500C69150 /* iFitTrakcerTests.swift in Sources */,
			);
			runOnlyForDeploymentPostprocessing = 0;
		};
/* End PBXSourcesBuildPhase section */

/* Begin PBXTargetDependency section */
		EC20181D2B0B6C5500C69150 /* PBXTargetDependency */ = {
			isa = PBXTargetDependency;
			target = EC20180A2B0B6C5400C69150 /* iFitTrakcer */;
			targetProxy = EC20181C2B0B6C5500C69150 /* PBXContainerItemProxy */;
		};
/* End PBXTargetDependency section */

/* Begin XCBuildConfiguration section */
		EC20182D2B0B6C5500C69150 /* Debug */ = {
			isa = XCBuildConfiguration;
			buildSettings = {
				ALWAYS_SEARCH_USER_PATHS = NO;
				ASSETCATALOG_COMPILER_GENERATE_SWIFT_ASSET_SYMBOL_EXTENSIONS = YES;
				CLANG_ANALYZER_NONNULL = YES;
				CLANG_ANALYZER_NUMBER_OBJECT_CONVERSION = YES_AGGRESSIVE;
				CLANG_CXX_LANGUAGE_STANDARD = "gnu++20";
				CLANG_ENABLE_MODULES = YES;
				CLANG_ENABLE_OBJC_ARC = YES;
				CLANG_ENABLE_OBJC_WEAK = YES;
				CLANG_WARN_BLOCK_CAPTURE_AUTORELEASING = YES;
				CLANG_WARN_BOOL_CONVERSION = YES;
				CLANG_WARN_COMMA = YES;
				CLANG_WARN_CONSTANT_CONVERSION = YES;
				CLANG_WARN_DEPRECATED_OBJC_IMPLEMENTATIONS = YES;
				CLANG_WARN_DIRECT_OBJC_ISA_USAGE = YES_ERROR;
				CLANG_WARN_DOCUMENTATION_COMMENTS = YES;
				CLANG_WARN_EMPTY_BODY = YES;
				CLANG_WARN_ENUM_CONVERSION = YES;
				CLANG_WARN_INFINITE_RECURSION = YES;
				CLANG_WARN_INT_CONVERSION = YES;
				CLANG_WARN_NON_LITERAL_NULL_CONVERSION = YES;
				CLANG_WARN_OBJC_IMPLICIT_RETAIN_SELF = YES;
				CLANG_WARN_OBJC_LITERAL_CONVERSION = YES;
				CLANG_WARN_OBJC_ROOT_CLASS = YES_ERROR;
				CLANG_WARN_QUOTED_INCLUDE_IN_FRAMEWORK_HEADER = YES;
				CLANG_WARN_RANGE_LOOP_ANALYSIS = YES;
				CLANG_WARN_STRICT_PROTOTYPES = YES;
				CLANG_WARN_SUSPICIOUS_MOVE = YES;
				CLANG_WARN_UNGUARDED_AVAILABILITY = YES_AGGRESSIVE;
				CLANG_WARN_UNREACHABLE_CODE = YES;
				CLANG_WARN__DUPLICATE_METHOD_MATCH = YES;
				COPY_PHASE_STRIP = NO;
				DEBUG_INFORMATION_FORMAT = dwarf;
				ENABLE_STRICT_OBJC_MSGSEND = YES;
				ENABLE_TESTABILITY = YES;
				ENABLE_USER_SCRIPT_SANDBOXING = YES;
				GCC_C_LANGUAGE_STANDARD = gnu17;
				GCC_DYNAMIC_NO_PIC = NO;
				GCC_NO_COMMON_BLOCKS = YES;
				GCC_OPTIMIZATION_LEVEL = 0;
				GCC_PREPROCESSOR_DEFINITIONS = (
					"DEBUG=1",
					"$(inherited)",
				);
				GCC_WARN_64_TO_32_BIT_CONVERSION = YES;
				GCC_WARN_ABOUT_RETURN_TYPE = YES_ERROR;
				GCC_WARN_UNDECLARED_SELECTOR = YES;
				GCC_WARN_UNINITIALIZED_AUTOS = YES_AGGRESSIVE;
				GCC_WARN_UNUSED_FUNCTION = YES;
				GCC_WARN_UNUSED_VARIABLE = YES;
				INFOPLIST_KEY_NSVoIPUsageDescription = "";
				IPHONEOS_DEPLOYMENT_TARGET = 17.0;
				LOCALIZATION_PREFERS_STRING_CATALOGS = YES;
				MTL_ENABLE_DEBUG_INFO = INCLUDE_SOURCE;
				MTL_FAST_MATH = YES;
				ONLY_ACTIVE_ARCH = YES;
				SDKROOT = iphoneos;
				SWIFT_ACTIVE_COMPILATION_CONDITIONS = "DEBUG $(inherited)";
				SWIFT_OPTIMIZATION_LEVEL = "-Onone";
			};
			name = Debug;
		};
		EC20182E2B0B6C5500C69150 /* Release */ = {
			isa = XCBuildConfiguration;
			buildSettings = {
				ALWAYS_SEARCH_USER_PATHS = NO;
				ASSETCATALOG_COMPILER_GENERATE_SWIFT_ASSET_SYMBOL_EXTENSIONS = YES;
				CLANG_ANALYZER_NONNULL = YES;
				CLANG_ANALYZER_NUMBER_OBJECT_CONVERSION = YES_AGGRESSIVE;
				CLANG_CXX_LANGUAGE_STANDARD = "gnu++20";
				CLANG_ENABLE_MODULES = YES;
				CLANG_ENABLE_OBJC_ARC = YES;
				CLANG_ENABLE_OBJC_WEAK = YES;
				CLANG_WARN_BLOCK_CAPTURE_AUTORELEASING = YES;
				CLANG_WARN_BOOL_CONVERSION = YES;
				CLANG_WARN_COMMA = YES;
				CLANG_WARN_CONSTANT_CONVERSION = YES;
				CLANG_WARN_DEPRECATED_OBJC_IMPLEMENTATIONS = YES;
				CLANG_WARN_DIRECT_OBJC_ISA_USAGE = YES_ERROR;
				CLANG_WARN_DOCUMENTATION_COMMENTS = YES;
				CLANG_WARN_EMPTY_BODY = YES;
				CLANG_WARN_ENUM_CONVERSION = YES;
				CLANG_WARN_INFINITE_RECURSION = YES;
				CLANG_WARN_INT_CONVERSION = YES;
				CLANG_WARN_NON_LITERAL_NULL_CONVERSION = YES;
				CLANG_WARN_OBJC_IMPLICIT_RETAIN_SELF = YES;
				CLANG_WARN_OBJC_LITERAL_CONVERSION = YES;
				CLANG_WARN_OBJC_ROOT_CLASS = YES_ERROR;
				CLANG_WARN_QUOTED_INCLUDE_IN_FRAMEWORK_HEADER = YES;
				CLANG_WARN_RANGE_LOOP_ANALYSIS = YES;
				CLANG_WARN_STRICT_PROTOTYPES = YES;
				CLANG_WARN_SUSPICIOUS_MOVE = YES;
				CLANG_WARN_UNGUARDED_AVAILABILITY = YES_AGGRESSIVE;
				CLANG_WARN_UNREACHABLE_CODE = YES;
				CLANG_WARN__DUPLICATE_METHOD_MATCH = YES;
				COPY_PHASE_STRIP = NO;
				DEBUG_INFORMATION_FORMAT = "dwarf-with-dsym";
				ENABLE_NS_ASSERTIONS = NO;
				ENABLE_STRICT_OBJC_MSGSEND = YES;
				ENABLE_USER_SCRIPT_SANDBOXING = YES;
				GCC_C_LANGUAGE_STANDARD = gnu17;
				GCC_NO_COMMON_BLOCKS = YES;
				GCC_WARN_64_TO_32_BIT_CONVERSION = YES;
				GCC_WARN_ABOUT_RETURN_TYPE = YES_ERROR;
				GCC_WARN_UNDECLARED_SELECTOR = YES;
				GCC_WARN_UNINITIALIZED_AUTOS = YES_AGGRESSIVE;
				GCC_WARN_UNUSED_FUNCTION = YES;
				GCC_WARN_UNUSED_VARIABLE = YES;
				INFOPLIST_KEY_NSVoIPUsageDescription = "";
				IPHONEOS_DEPLOYMENT_TARGET = 17.0;
				LOCALIZATION_PREFERS_STRING_CATALOGS = YES;
				MTL_ENABLE_DEBUG_INFO = NO;
				MTL_FAST_MATH = YES;
				SDKROOT = iphoneos;
				SWIFT_COMPILATION_MODE = wholemodule;
				VALIDATE_PRODUCT = YES;
			};
			name = Release;
		};
		EC2018302B0B6C5500C69150 /* Debug */ = {
			isa = XCBuildConfiguration;
			buildSettings = {
				ASSETCATALOG_COMPILER_APPICON_NAME = AppIcon;
				ASSETCATALOG_COMPILER_GLOBAL_ACCENT_COLOR_NAME = AccentColor;
				CODE_SIGN_ENTITLEMENTS = iFitTrakcer/iFitTrakcer.entitlements;
				CODE_SIGN_STYLE = Automatic;
				CURRENT_PROJECT_VERSION = 1;
				DEVELOPMENT_ASSET_PATHS = "\"iFitTrakcer/Preview Content\"";
				DEVELOPMENT_TEAM = 7352ZCGRRF;
				ENABLE_PREVIEWS = YES;
				ENABLE_USER_SCRIPT_SANDBOXING = NO;
				GENERATE_INFOPLIST_FILE = YES;
				INFOPLIST_FILE = iFitTrakcer/Info.plist;
				INFOPLIST_KEY_CFBundleDisplayName = "";
				INFOPLIST_KEY_NSHealthClinicalHealthRecordsShareUsageDescription = "We want to read your health data.";
				INFOPLIST_KEY_NSHealthShareUsageDescription = "We want to read your health data.";
				INFOPLIST_KEY_NSHealthUpdateUsageDescription = "We want to write your health data.";
				INFOPLIST_KEY_NSVoIPUsageDescription = "";
				INFOPLIST_KEY_UIApplicationSceneManifest_Generation = YES;
				INFOPLIST_KEY_UIApplicationSupportsIndirectInputEvents = YES;
				INFOPLIST_KEY_UILaunchScreen_Generation = YES;
				INFOPLIST_KEY_UISupportedInterfaceOrientations_iPad = "UIInterfaceOrientationPortrait UIInterfaceOrientationPortraitUpsideDown UIInterfaceOrientationLandscapeLeft UIInterfaceOrientationLandscapeRight";
				INFOPLIST_KEY_UISupportedInterfaceOrientations_iPhone = "UIInterfaceOrientationPortrait UIInterfaceOrientationLandscapeLeft UIInterfaceOrientationLandscapeRight";
				LD_RUNPATH_SEARCH_PATHS = (
					"$(inherited)",
					"@executable_path/Frameworks",
				);
				MARKETING_VERSION = 1.0;
				PRODUCT_BUNDLE_IDENTIFIER = com.SimeonTsekov.iFitTrakcer;
				PRODUCT_NAME = "$(TARGET_NAME)";
				SWIFT_EMIT_LOC_STRINGS = YES;
				SWIFT_VERSION = 5.0;
				TARGETED_DEVICE_FAMILY = "1,2";
			};
			name = Debug;
		};
		EC2018312B0B6C5500C69150 /* Release */ = {
			isa = XCBuildConfiguration;
			buildSettings = {
				ASSETCATALOG_COMPILER_APPICON_NAME = AppIcon;
				ASSETCATALOG_COMPILER_GLOBAL_ACCENT_COLOR_NAME = AccentColor;
				CODE_SIGN_ENTITLEMENTS = iFitTrakcer/iFitTrakcer.entitlements;
				CODE_SIGN_STYLE = Automatic;
				CURRENT_PROJECT_VERSION = 1;
				DEVELOPMENT_ASSET_PATHS = "\"iFitTrakcer/Preview Content\"";
				DEVELOPMENT_TEAM = 7352ZCGRRF;
				ENABLE_PREVIEWS = YES;
				ENABLE_USER_SCRIPT_SANDBOXING = NO;
				GENERATE_INFOPLIST_FILE = YES;
				INFOPLIST_FILE = iFitTrakcer/Info.plist;
				INFOPLIST_KEY_CFBundleDisplayName = "";
				INFOPLIST_KEY_NSHealthClinicalHealthRecordsShareUsageDescription = "We want to read your health data.";
				INFOPLIST_KEY_NSHealthShareUsageDescription = "We want to read your health data.";
				INFOPLIST_KEY_NSHealthUpdateUsageDescription = "We want to write your health data.";
				INFOPLIST_KEY_NSVoIPUsageDescription = "";
				INFOPLIST_KEY_UIApplicationSceneManifest_Generation = YES;
				INFOPLIST_KEY_UIApplicationSupportsIndirectInputEvents = YES;
				INFOPLIST_KEY_UILaunchScreen_Generation = YES;
				INFOPLIST_KEY_UISupportedInterfaceOrientations_iPad = "UIInterfaceOrientationPortrait UIInterfaceOrientationPortraitUpsideDown UIInterfaceOrientationLandscapeLeft UIInterfaceOrientationLandscapeRight";
				INFOPLIST_KEY_UISupportedInterfaceOrientations_iPhone = "UIInterfaceOrientationPortrait UIInterfaceOrientationLandscapeLeft UIInterfaceOrientationLandscapeRight";
				LD_RUNPATH_SEARCH_PATHS = (
					"$(inherited)",
					"@executable_path/Frameworks",
				);
				MARKETING_VERSION = 1.0;
				PRODUCT_BUNDLE_IDENTIFIER = com.SimeonTsekov.iFitTrakcer;
				PRODUCT_NAME = "$(TARGET_NAME)";
				SWIFT_EMIT_LOC_STRINGS = YES;
				SWIFT_VERSION = 5.0;
				TARGETED_DEVICE_FAMILY = "1,2";
			};
			name = Release;
		};
		EC2018332B0B6C5500C69150 /* Debug */ = {
			isa = XCBuildConfiguration;
			buildSettings = {
				ALWAYS_EMBED_SWIFT_STANDARD_LIBRARIES = YES;
				BUNDLE_LOADER = "$(TEST_HOST)";
				CODE_SIGN_STYLE = Automatic;
				CURRENT_PROJECT_VERSION = 1;
				DEVELOPMENT_TEAM = 7352ZCGRRF;
				GENERATE_INFOPLIST_FILE = YES;
				IPHONEOS_DEPLOYMENT_TARGET = 17.0;
				MARKETING_VERSION = 1.0;
				PRODUCT_BUNDLE_IDENTIFIER = com.SimeonTsekov.iFitTrakcerTests;
				PRODUCT_NAME = "$(TARGET_NAME)";
				SWIFT_EMIT_LOC_STRINGS = NO;
				SWIFT_VERSION = 5.0;
				TARGETED_DEVICE_FAMILY = "1,2";
				TEST_HOST = "$(BUILT_PRODUCTS_DIR)/iFitTrakcer.app/$(BUNDLE_EXECUTABLE_FOLDER_PATH)/iFitTrakcer";
			};
			name = Debug;
		};
		EC2018342B0B6C5500C69150 /* Release */ = {
			isa = XCBuildConfiguration;
			buildSettings = {
				ALWAYS_EMBED_SWIFT_STANDARD_LIBRARIES = YES;
				BUNDLE_LOADER = "$(TEST_HOST)";
				CODE_SIGN_STYLE = Automatic;
				CURRENT_PROJECT_VERSION = 1;
				DEVELOPMENT_TEAM = 7352ZCGRRF;
				GENERATE_INFOPLIST_FILE = YES;
				IPHONEOS_DEPLOYMENT_TARGET = 17.0;
				MARKETING_VERSION = 1.0;
				PRODUCT_BUNDLE_IDENTIFIER = com.SimeonTsekov.iFitTrakcerTests;
				PRODUCT_NAME = "$(TARGET_NAME)";
				SWIFT_EMIT_LOC_STRINGS = NO;
				SWIFT_VERSION = 5.0;
				TARGETED_DEVICE_FAMILY = "1,2";
				TEST_HOST = "$(BUILT_PRODUCTS_DIR)/iFitTrakcer.app/$(BUNDLE_EXECUTABLE_FOLDER_PATH)/iFitTrakcer";
			};
			name = Release;
		};
/* End XCBuildConfiguration section */

/* Begin XCConfigurationList section */
		EC2018062B0B6C5400C69150 /* Build configuration list for PBXProject "iFitTrakcer" */ = {
			isa = XCConfigurationList;
			buildConfigurations = (
				EC20182D2B0B6C5500C69150 /* Debug */,
				EC20182E2B0B6C5500C69150 /* Release */,
			);
			defaultConfigurationIsVisible = 0;
			defaultConfigurationName = Release;
		};
		EC20182F2B0B6C5500C69150 /* Build configuration list for PBXNativeTarget "iFitTrakcer" */ = {
			isa = XCConfigurationList;
			buildConfigurations = (
				EC2018302B0B6C5500C69150 /* Debug */,
				EC2018312B0B6C5500C69150 /* Release */,
			);
			defaultConfigurationIsVisible = 0;
			defaultConfigurationName = Release;
		};
		EC2018322B0B6C5500C69150 /* Build configuration list for PBXNativeTarget "iFitTrakcerTests" */ = {
			isa = XCConfigurationList;
			buildConfigurations = (
				EC2018332B0B6C5500C69150 /* Debug */,
				EC2018342B0B6C5500C69150 /* Release */,
			);
			defaultConfigurationIsVisible = 0;
			defaultConfigurationName = Release;
		};
/* End XCConfigurationList section */

/* Begin XCRemoteSwiftPackageReference section */
		ECF3BB0A2B45A72900DD9C53 /* XCRemoteSwiftPackageReference "SwiftKeychainWrapper" */ = {
			isa = XCRemoteSwiftPackageReference;
			repositoryURL = "git@github.com:jrendel/SwiftKeychainWrapper.git";
			requirement = {
				kind = upToNextMajorVersion;
				minimumVersion = 4.0.1;
			};
		};
/* End XCRemoteSwiftPackageReference section */

/* Begin XCSwiftPackageProductDependency section */
		ECF3BB0B2B45A72900DD9C53 /* SwiftKeychainWrapper */ = {
			isa = XCSwiftPackageProductDependency;
			package = ECF3BB0A2B45A72900DD9C53 /* XCRemoteSwiftPackageReference "SwiftKeychainWrapper" */;
			productName = SwiftKeychainWrapper;
		};
/* End XCSwiftPackageProductDependency section */
	};
	rootObject = EC2018032B0B6C5400C69150 /* Project object */;
}
